{
  "requires": true,
  "lockfileVersion": 1,
  "dependencies": {
    "wavesurfer.js": {
      "version": "5.2.0",
      "resolved": "https://registry.npmjs.org/wavesurfer.js/-/wavesurfer.js-5.2.0.tgz",
      "integrity": "sha512-SkPlTXfvKy+ZnEA7f7g7jn6iQg5/8mAvWpVV5vRbIS/FF9TB2ak9J7VayQfzfshOLW/CqccTiN6DDR/fZA902g=="
    }
  }
}
